
Microsoft Visual Studio Solution File, Format Version 12.00
# Visual Studio Version 17
VisualStudioVersion = 17.9.34622.214
MinimumVisualStudioVersion = 10.0.40219.1
Project("{FAE04EC0-301F-11D3-BF4B-00C04F79EFBC}") = "Candidate_Test_Task", "Candidate_Test_Task\Candidate_Test_Task.csproj", "{6B3F9599-A423-40DD-A0F4-87D351470777}"
EndProject
Project("{FAE04EC0-301F-11D3-BF4B-00C04F79EFBC}") = "Candidate.Core", "Candidate.Core\Candidate.Core.csproj", "{43E73A6C-745D-49EB-87B9-B7CA6C7FF714}"
EndProject
Project("{FAE04EC0-301F-11D3-BF4B-00C04F79EFBC}") = "Candidate.Repository", "Candidate.Repository\Candidate.Repository.csproj", "{4E5DB73F-ECD3-4978-B4B0-DE10E0E5B863}"
EndProject
Project("{FAE04EC0-301F-11D3-BF4B-00C04F79EFBC}") = "Candidate.Service", "Candidate.Service\Candidate.Service.csproj", "{C0CDA8DF-30AC-41B7-BE7E-9DBB6AF07C92}"
EndProject
Global
	GlobalSection(SolutionConfigurationPlatforms) = preSolution
		Debug|Any CPU = Debug|Any CPU
		Release|Any CPU = Release|Any CPU
	EndGlobalSection
	GlobalSection(ProjectConfigurationPlatforms) = postSolution
		{6B3F9599-A423-40DD-A0F4-87D351470777}.Debug|Any CPU.ActiveCfg = Debug|Any CPU
		{6B3F9599-A423-40DD-A0F4-87D351470777}.Debug|Any CPU.Build.0 = Debug|Any CPU
		{6B3F9599-A423-40DD-A0F4-87D351470777}.Release|Any CPU.ActiveCfg = Release|Any CPU
		{6B3F9599-A423-40DD-A0F4-87D351470777}.Release|Any CPU.Build.0 = Release|Any CPU
		{43E73A6C-745D-49EB-87B9-B7CA6C7FF714}.Debug|Any CPU.ActiveCfg = Debug|Any CPU
		{43E73A6C-745D-49EB-87B9-B7CA6C7FF714}.Debug|Any CPU.Build.0 = Debug|Any CPU
		{43E73A6C-745D-49EB-87B9-B7CA6C7FF714}.Release|Any CPU.ActiveCfg = Release|Any CPU
		{43E73A6C-745D-49EB-87B9-B7CA6C7FF714}.Release|Any CPU.Build.0 = Release|Any CPU
		{4E5DB73F-ECD3-4978-B4B0-DE10E0E5B863}.Debug|Any CPU.ActiveCfg = Debug|Any CPU
		{4E5DB73F-ECD3-4978-B4B0-DE10E0E5B863}.Debug|Any CPU.Build.0 = Debug|Any CPU
		{4E5DB73F-ECD3-4978-B4B0-DE10E0E5B863}.Release|Any CPU.ActiveCfg = Release|Any CPU
		{4E5DB73F-ECD3-4978-B4B0-DE10E0E5B863}.Release|Any CPU.Build.0 = Release|Any CPU
		{C0CDA8DF-30AC-41B7-BE7E-9DBB6AF07C92}.Debug|Any CPU.ActiveCfg = Debug|Any CPU
		{C0CDA8DF-30AC-41B7-BE7E-9DBB6AF07C92}.Debug|Any CPU.Build.0 = Debug|Any CPU
		{C0CDA8DF-30AC-41B7-BE7E-9DBB6AF07C92}.Release|Any CPU.ActiveCfg = Release|Any CPU
		{C0CDA8DF-30AC-41B7-BE7E-9DBB6AF07C92}.Release|Any CPU.Build.0 = Release|Any CPU
	EndGlobalSection
	GlobalSection(SolutionProperties) = preSolution
		HideSolutionNode = FALSE
	EndGlobalSection
	GlobalSection(ExtensibilityGlobals) = postSolution
		SolutionGuid = {BA8DB1FA-7660-498E-B922-44518CA0BC78}
	EndGlobalSection
EndGlobal
